// !$*UTF8*$!
{
	archiveVersion = 1;
	classes = {
	};
	objectVersion = 55;
	objects = {

/* Begin PBXBuildFile section */
		498A58812882B49400D55924 /* AppDelegate.swift in Sources */ = {isa = PBXBuildFile; fileRef = 498A58802882B49400D55924 /* AppDelegate.swift */; };
		498A58832882B49400D55924 /* SceneDelegate.swift in Sources */ = {isa = PBXBuildFile; fileRef = 498A58822882B49400D55924 /* SceneDelegate.swift */; };
		498A58852882B49400D55924 /* ViewController.swift in Sources */ = {isa = PBXBuildFile; fileRef = 498A58842882B49400D55924 /* ViewController.swift */; };
		498A58882882B49400D55924 /* Main.storyboard in Resources */ = {isa = PBXBuildFile; fileRef = 498A58862882B49400D55924 /* Main.storyboard */; };
		498A588A2882B4AC00D55924 /* Assets.xcassets in Resources */ = {isa = PBXBuildFile; fileRef = 498A58892882B4AC00D55924 /* Assets.xcassets */; };
		498A588D2882B4AC00D55924 /* LaunchScreen.storyboard in Resources */ = {isa = PBXBuildFile; fileRef = 498A588B2882B4AC00D55924 /* LaunchScreen.storyboard */; };
		498A589F2882D32700D55924 /* nssl0049.jpg in Resources */ = {isa = PBXBuildFile; fileRef = 498A58952882D32600D55924 /* nssl0049.jpg */; };
		498A58A02882D32700D55924 /* nssl0046.jpg in Resources */ = {isa = PBXBuildFile; fileRef = 498A58962882D32600D55924 /* nssl0046.jpg */; };
		498A58A12882D32700D55924 /* nssl0091.jpg in Resources */ = {isa = PBXBuildFile; fileRef = 498A58972882D32600D55924 /* nssl0091.jpg */; };
		498A58A22882D32700D55924 /* nssl0045.jpg in Resources */ = {isa = PBXBuildFile; fileRef = 498A58982882D32600D55924 /* nssl0045.jpg */; };
		498A58A32882D32700D55924 /* nssl0051.jpg in Resources */ = {isa = PBXBuildFile; fileRef = 498A58992882D32600D55924 /* nssl0051.jpg */; };
		498A58A42882D32700D55924 /* nssl0041.jpg in Resources */ = {isa = PBXBuildFile; fileRef = 498A589A2882D32600D55924 /* nssl0041.jpg */; };
		498A58A52882D32700D55924 /* nssl0042.jpg in Resources */ = {isa = PBXBuildFile; fileRef = 498A589B2882D32600D55924 /* nssl0042.jpg */; };
		498A58A62882D32700D55924 /* nssl0043.jpg in Resources */ = {isa = PBXBuildFile; fileRef = 498A589C2882D32600D55924 /* nssl0043.jpg */; };
		498A58A72882D32700D55924 /* nssl0033.jpg in Resources */ = {isa = PBXBuildFile; fileRef = 498A589D2882D32600D55924 /* nssl0033.jpg */; };
		498A58A82882D32700D55924 /* nssl0034.jpg in Resources */ = {isa = PBXBuildFile; fileRef = 498A589E2882D32600D55924 /* nssl0034.jpg */; };
		498A58AA2882E50F00D55924 /* DetailViewController.swift in Sources */ = {isa = PBXBuildFile; fileRef = 498A58A92882E50F00D55924 /* DetailViewController.swift */; };
/* End PBXBuildFile section */

/* Begin PBXFileReference section */
		498A587D2882B49400D55924 /* project1.app */ = {isa = PBXFileReference; explicitFileType = wrapper.application; includeInIndex = 0; path = project1.app; sourceTree = BUILT_PRODUCTS_DIR; };
		498A58802882B49400D55924 /* AppDelegate.swift */ = {isa = PBXFileReference; lastKnownFileType = sourcecode.swift; path = AppDelegate.swift; sourceTree = "<group>"; };
		498A58822882B49400D55924 /* SceneDelegate.swift */ = {isa = PBXFileReference; lastKnownFileType = sourcecode.swift; path = SceneDelegate.swift; sourceTree = "<group>"; };
		498A58842882B49400D55924 /* ViewController.swift */ = {isa = PBXFileReference; lastKnownFileType = sourcecode.swift; path = ViewController.swift; sourceTree = "<group>"; };
		498A58872882B49400D55924 /* Base */ = {isa = PBXFileReference; lastKnownFileType = file.storyboard; name = Base; path = Base.lproj/Main.storyboard; sourceTree = "<group>"; };
		498A58892882B4AC00D55924 /* Assets.xcassets */ = {isa = PBXFileReference; lastKnownFileType = folder.assetcatalog; path = Assets.xcassets; sourceTree = "<group>"; };
		498A588C2882B4AC00D55924 /* Base */ = {isa = PBXFileReference; lastKnownFileType = file.storyboard; name = Base; path = Base.lproj/LaunchScreen.storyboard; sourceTree = "<group>"; };
		498A588E2882B4AD00D55924 /* Info.plist */ = {isa = PBXFileReference; lastKnownFileType = text.plist.xml; path = Info.plist; sourceTree = "<group>"; };
		498A58952882D32600D55924 /* nssl0049.jpg */ = {isa = PBXFileReference; lastKnownFileType = image.jpeg; path = nssl0049.jpg; sourceTree = "<group>"; };
		498A58962882D32600D55924 /* nssl0046.jpg */ = {isa = PBXFileReference; lastKnownFileType = image.jpeg; path = nssl0046.jpg; sourceTree = "<group>"; };
		498A58972882D32600D55924 /* nssl0091.jpg */ = {isa = PBXFileReference; lastKnownFileType = image.jpeg; path = nssl0091.jpg; sourceTree = "<group>"; };
		498A58982882D32600D55924 /* nssl0045.jpg */ = {isa = PBXFileReference; lastKnownFileType = image.jpeg; path = nssl0045.jpg; sourceTree = "<group>"; };
		498A58992882D32600D55924 /* nssl0051.jpg */ = {isa = PBXFileReference; lastKnownFileType = image.jpeg; path = nssl0051.jpg; sourceTree = "<group>"; };
		498A589A2882D32600D55924 /* nssl0041.jpg */ = {isa = PBXFileReference; lastKnownFileType = image.jpeg; path = nssl0041.jpg; sourceTree = "<group>"; };
		498A589B2882D32600D55924 /* nssl0042.jpg */ = {isa = PBXFileReference; lastKnownFileType = image.jpeg; path = nssl0042.jpg; sourceTree = "<group>"; };
		498A589C2882D32600D55924 /* nssl0043.jpg */ = {isa = PBXFileReference; lastKnownFileType = image.jpeg; path = nssl0043.jpg; sourceTree = "<group>"; };
		498A589D2882D32600D55924 /* nssl0033.jpg */ = {isa = PBXFileReference; lastKnownFileType = image.jpeg; path = nssl0033.jpg; sourceTree = "<group>"; };
		498A589E2882D32600D55924 /* nssl0034.jpg */ = {isa = PBXFileReference; lastKnownFileType = image.jpeg; path = nssl0034.jpg; sourceTree = "<group>"; };
		498A58A92882E50F00D55924 /* DetailViewController.swift */ = {isa = PBXFileReference; lastKnownFileType = sourcecode.swift; path = DetailViewController.swift; sourceTree = "<group>"; };
/* End PBXFileReference section */

/* Begin PBXFrameworksBuildPhase section */
		498A587A2882B49400D55924 /* Frameworks */ = {
			isa = PBXFrameworksBuildPhase;
			buildActionMask = 2147483647;
			files = (
			);
			runOnlyForDeploymentPostprocessing = 0;
		};
/* End PBXFrameworksBuildPhase section */

/* Begin PBXGroup section */
		498A58742882B49400D55924 = {
			isa = PBXGroup;
			children = (
				498A587F2882B49400D55924 /* project1 */,
				498A587E2882B49400D55924 /* Products */,
			);
			sourceTree = "<group>";
		};
		498A587E2882B49400D55924 /* Products */ = {
			isa = PBXGroup;
			children = (
				498A587D2882B49400D55924 /* project1.app */,
			);
			name = Products;
			sourceTree = "<group>";
		};
		498A587F2882B49400D55924 /* project1 */ = {
			isa = PBXGroup;
			children = (
				498A58802882B49400D55924 /* AppDelegate.swift */,
				498A58822882B49400D55924 /* SceneDelegate.swift */,
				498A58842882B49400D55924 /* ViewController.swift */,
				498A58A92882E50F00D55924 /* DetailViewController.swift */,
				498A58862882B49400D55924 /* Main.storyboard */,
				498A58892882B4AC00D55924 /* Assets.xcassets */,
				498A588B2882B4AC00D55924 /* LaunchScreen.storyboard */,
				498A588E2882B4AD00D55924 /* Info.plist */,
				498A58942882D32600D55924 /* Content */,
			);
			path = project1;
			sourceTree = "<group>";
		};
		498A58942882D32600D55924 /* Content */ = {
			isa = PBXGroup;
			children = (
				498A58952882D32600D55924 /* nssl0049.jpg */,
				498A58962882D32600D55924 /* nssl0046.jpg */,
				498A58972882D32600D55924 /* nssl0091.jpg */,
				498A58982882D32600D55924 /* nssl0045.jpg */,
				498A58992882D32600D55924 /* nssl0051.jpg */,
				498A589A2882D32600D55924 /* nssl0041.jpg */,
				498A589B2882D32600D55924 /* nssl0042.jpg */,
				498A589C2882D32600D55924 /* nssl0043.jpg */,
				498A589D2882D32600D55924 /* nssl0033.jpg */,
				498A589E2882D32600D55924 /* nssl0034.jpg */,
			);
			path = Content;
			sourceTree = "<group>";
		};
/* End PBXGroup section */

/* Begin PBXNativeTarget section */
		498A587C2882B49400D55924 /* project1 */ = {
			isa = PBXNativeTarget;
			buildConfigurationList = 498A58912882B4AD00D55924 /* Build configuration list for PBXNativeTarget "project1" */;
			buildPhases = (
				498A58792882B49400D55924 /* Sources */,
				498A587A2882B49400D55924 /* Frameworks */,
				498A587B2882B49400D55924 /* Resources */,
			);
			buildRules = (
			);
			dependencies = (
			);
			name = project1;
			productName = project1;
			productReference = 498A587D2882B49400D55924 /* project1.app */;
			productType = "com.apple.product-type.application";
		};
/* End PBXNativeTarget section */

/* Begin PBXProject section */
		498A58752882B49400D55924 /* Project object */ = {
			isa = PBXProject;
			attributes = {
				BuildIndependentTargetsInParallel = 1;
				LastSwiftUpdateCheck = 1340;
				LastUpgradeCheck = 1340;
				TargetAttributes = {
					498A587C2882B49400D55924 = {
						CreatedOnToolsVersion = 13.4.1;
					};
				};
			};
			buildConfigurationList = 498A58782882B49400D55924 /* Build configuration list for PBXProject "project1" */;
			compatibilityVersion = "Xcode 13.0";
			developmentRegion = en;
			hasScannedForEncodings = 0;
			knownRegions = (
				en,
				Base,
			);
			mainGroup = 498A58742882B49400D55924;
			productRefGroup = 498A587E2882B49400D55924 /* Products */;
			projectDirPath = "";
			projectRoot = "";
			targets = (
				498A587C2882B49400D55924 /* project1 */,
			);
		};
/* End PBXProject section */

/* Begin PBXResourcesBuildPhase section */
		498A587B2882B49400D55924 /* Resources */ = {
			isa = PBXResourcesBuildPhase;
			buildActionMask = 2147483647;
			files = (
				498A58A02882D32700D55924 /* nssl0046.jpg in Resources */,
				498A58A72882D32700D55924 /* nssl0033.jpg in Resources */,
				498A58A32882D32700D55924 /* nssl0051.jpg in Resources */,
				498A58A12882D32700D55924 /* nssl0091.jpg in Resources */,
				498A58A62882D32700D55924 /* nssl0043.jpg in Resources */,
				498A58A82882D32700D55924 /* nssl0034.jpg in Resources */,
				498A589F2882D32700D55924 /* nssl0049.jpg in Resources */,
				498A58A42882D32700D55924 /* nssl0041.jpg in Resources */,
				498A58A52882D32700D55924 /* nssl0042.jpg in Resources */,
				498A588D2882B4AC00D55924 /* LaunchScreen.storyboard in Resources */,
				498A588A2882B4AC00D55924 /* Assets.xcassets in Resources */,
				498A58A22882D32700D55924 /* nssl0045.jpg in Resources */,
				498A58882882B49400D55924 /* Main.storyboard in Resources */,
			);
			runOnlyForDeploymentPostprocessing = 0;
		};
/* End PBXResourcesBuildPhase section */

/* Begin PBXSourcesBuildPhase section */
		498A58792882B49400D55924 /* Sources */ = {
			isa = PBXSourcesBuildPhase;
			buildActionMask = 2147483647;
			files = (
				498A58852882B49400D55924 /* ViewController.swift in Sources */,
				498A58812882B49400D55924 /* AppDelegate.swift in Sources */,
				498A58832882B49400D55924 /* SceneDelegate.swift in Sources */,
				498A58AA2882E50F00D55924 /* DetailViewController.swift in Sources */,
			);
			runOnlyForDeploymentPostprocessing = 0;
		};
/* End PBXSourcesBuildPhase section */

/* Begin PBXVariantGroup section */
		498A58862882B49400D55924 /* Main.storyboard */ = {
			isa = PBXVariantGroup;
			children = (
				498A58872882B49400D55924 /* Base */,
			);
			name = Main.storyboard;
			sourceTree = "<group>";
		};
		498A588B2882B4AC00D55924 /* LaunchScreen.storyboard */ = {
			isa = PBXVariantGroup;
			children = (
				498A588C2882B4AC00D55924 /* Base */,
			);
			name = LaunchScreen.storyboard;
			sourceTree = "<group>";
		};
/* End PBXVariantGroup section */

/* Begin XCBuildConfiguration section */
		498A588F2882B4AD00D55924 /* Debug */ = {
			isa = XCBuildConfiguration;
			buildSettings = {
				ALWAYS_SEARCH_USER_PATHS = NO;
				CLANG_ANALYZER_NONNULL = YES;
				CLANG_ANALYZER_NUMBER_OBJECT_CONVERSION = YES_AGGRESSIVE;
				CLANG_CXX_LANGUAGE_STANDARD = "gnu++17";
				CLANG_ENABLE_MODULES = YES;
				CLANG_ENABLE_OBJC_ARC = YES;
				CLANG_ENABLE_OBJC_WEAK = YES;
				CLANG_WARN_BLOCK_CAPTURE_AUTORELEASING = YES;
				CLANG_WARN_BOOL_CONVERSION = YES;
				CLANG_WARN_COMMA = YES;
				CLANG_WARN_CONSTANT_CONVERSION = YES;
				CLANG_WARN_DEPRECATED_OBJC_IMPLEMENTATIONS = YES;
				CLANG_WARN_DIRECT_OBJC_ISA_USAGE = YES_ERROR;
				CLANG_WARN_DOCUMENTATION_COMMENTS = YES;
				CLANG_WARN_EMPTY_BODY = YES;
				CLANG_WARN_ENUM_CONVERSION = YES;
				CLANG_WARN_INFINITE_RECURSION = YES;
				CLANG_WARN_INT_CONVERSION = YES;
				CLANG_WARN_NON_LITERAL_NULL_CONVERSION = YES;
				CLANG_WARN_OBJC_IMPLICIT_RETAIN_SELF = YES;
				CLANG_WARN_OBJC_LITERAL_CONVERSION = YES;
				CLANG_WARN_OBJC_ROOT_CLASS = YES_ERROR;
				CLANG_WARN_QUOTED_INCLUDE_IN_FRAMEWORK_HEADER = YES;
				CLANG_WARN_RANGE_LOOP_ANALYSIS = YES;
				CLANG_WARN_STRICT_PROTOTYPES = YES;
				CLANG_WARN_SUSPICIOUS_MOVE = YES;
				CLANG_WARN_UNGUARDED_AVAILABILITY = YES_AGGRESSIVE;
				CLANG_WARN_UNREACHABLE_CODE = YES;
				CLANG_WARN__DUPLICATE_METHOD_MATCH = YES;
				COPY_PHASE_STRIP = NO;
				DEBUG_INFORMATION_FORMAT = dwarf;
				ENABLE_STRICT_OBJC_MSGSEND = YES;
				ENABLE_TESTABILITY = YES;
				GCC_C_LANGUAGE_STANDARD = gnu11;
				GCC_DYNAMIC_NO_PIC = NO;
				GCC_NO_COMMON_BLOCKS = YES;
				GCC_OPTIMIZATION_LEVEL = 0;
				GCC_PREPROCESSOR_DEFINITIONS = (
					"DEBUG=1",
					"$(inherited)",
				);
				GCC_WARN_64_TO_32_BIT_CONVERSION = YES;
				GCC_WARN_ABOUT_RETURN_TYPE = YES_ERROR;
				GCC_WARN_UNDECLARED_SELECTOR = YES;
				GCC_WARN_UNINITIALIZED_AUTOS = YES_AGGRESSIVE;
				GCC_WARN_UNUSED_FUNCTION = YES;
				GCC_WARN_UNUSED_VARIABLE = YES;
				IPHONEOS_DEPLOYMENT_TARGET = 15.0;
				MTL_ENABLE_DEBUG_INFO = INCLUDE_SOURCE;
				MTL_FAST_MATH = YES;
				ONLY_ACTIVE_ARCH = YES;
				SDKROOT = iphoneos;
				SWIFT_ACTIVE_COMPILATION_CONDITIONS = DEBUG;
				SWIFT_OPTIMIZATION_LEVEL = "-Onone";
			};
			name = Debug;
		};
		498A58902882B4AD00D55924 /* Release */ = {
			isa = XCBuildConfiguration;
			buildSettings = {
				ALWAYS_SEARCH_USER_PATHS = NO;
				CLANG_ANALYZER_NONNULL = YES;
				CLANG_ANALYZER_NUMBER_OBJECT_CONVERSION = YES_AGGRESSIVE;
				CLANG_CXX_LANGUAGE_STANDARD = "gnu++17";
				CLANG_ENABLE_MODULES = YES;
				CLANG_ENABLE_OBJC_ARC = YES;
				CLANG_ENABLE_OBJC_WEAK = YES;
				CLANG_WARN_BLOCK_CAPTURE_AUTORELEASING = YES;
				CLANG_WARN_BOOL_CONVERSION = YES;
				CLANG_WARN_COMMA = YES;
				CLANG_WARN_CONSTANT_CONVERSION = YES;
				CLANG_WARN_DEPRECATED_OBJC_IMPLEMENTATIONS = YES;
				CLANG_WARN_DIRECT_OBJC_ISA_USAGE = YES_ERROR;
				CLANG_WARN_DOCUMENTATION_COMMENTS = YES;
				CLANG_WARN_EMPTY_BODY = YES;
				CLANG_WARN_ENUM_CONVERSION = YES;
				CLANG_WARN_INFINITE_RECURSION = YES;
				CLANG_WARN_INT_CONVERSION = YES;
				CLANG_WARN_NON_LITERAL_NULL_CONVERSION = YES;
				CLANG_WARN_OBJC_IMPLICIT_RETAIN_SELF = YES;
				CLANG_WARN_OBJC_LITERAL_CONVERSION = YES;
				CLANG_WARN_OBJC_ROOT_CLASS = YES_ERROR;
				CLANG_WARN_QUOTED_INCLUDE_IN_FRAMEWORK_HEADER = YES;
				CLANG_WARN_RANGE_LOOP_ANALYSIS = YES;
				CLANG_WARN_STRICT_PROTOTYPES = YES;
				CLANG_WARN_SUSPICIOUS_MOVE = YES;
				CLANG_WARN_UNGUARDED_AVAILABILITY = YES_AGGRESSIVE;
				CLANG_WARN_UNREACHABLE_CODE = YES;
				CLANG_WARN__DUPLICATE_METHOD_MATCH = YES;
				COPY_PHASE_STRIP = NO;
				DEBUG_INFORMATION_FORMAT = "dwarf-with-dsym";
				ENABLE_NS_ASSERTIONS = NO;
				ENABLE_STRICT_OBJC_MSGSEND = YES;
				GCC_C_LANGUAGE_STANDARD = gnu11;
				GCC_NO_COMMON_BLOCKS = YES;
				GCC_WARN_64_TO_32_BIT_CONVERSION = YES;
				GCC_WARN_ABOUT_RETURN_TYPE = YES_ERROR;
				GCC_WARN_UNDECLARED_SELECTOR = YES;
				GCC_WARN_UNINITIALIZED_AUTOS = YES_AGGRESSIVE;
				GCC_WARN_UNUSED_FUNCTION = YES;
				GCC_WARN_UNUSED_VARIABLE = YES;
				IPHONEOS_DEPLOYMENT_TARGET = 15.0;
				MTL_ENABLE_DEBUG_INFO = NO;
				MTL_FAST_MATH = YES;
				SDKROOT = iphoneos;
				SWIFT_COMPILATION_MODE = wholemodule;
				SWIFT_OPTIMIZATION_LEVEL = "-O";
				VALIDATE_PRODUCT = YES;
			};
			name = Release;
		};
		498A58922882B4AD00D55924 /* Debug */ = {
			isa = XCBuildConfiguration;
			buildSettings = {
				ASSETCATALOG_COMPILER_APPICON_NAME = AppIcon;
				ASSETCATALOG_COMPILER_GLOBAL_ACCENT_COLOR_NAME = AccentColor;
				CODE_SIGN_STYLE = Automatic;
				CURRENT_PROJECT_VERSION = 1;
				DEVELOPMENT_TEAM = 5LP3MC28Z5;
				GENERATE_INFOPLIST_FILE = YES;
				INFOPLIST_FILE = project1/Info.plist;
				INFOPLIST_KEY_UIApplicationSupportsIndirectInputEvents = YES;
				INFOPLIST_KEY_UILaunchStoryboardName = LaunchScreen;
				INFOPLIST_KEY_UIMainStoryboardFile = Main;
				INFOPLIST_KEY_UISupportedInterfaceOrientations_iPad = "UIInterfaceOrientationPortrait UIInterfaceOrientationPortraitUpsideDown UIInterfaceOrientationLandscapeLeft UIInterfaceOrientationLandscapeRight";
				INFOPLIST_KEY_UISupportedInterfaceOrientations_iPhone = "UIInterfaceOrientationPortrait UIInterfaceOrientationLandscapeLeft UIInterfaceOrientationLandscapeRight";
				LD_RUNPATH_SEARCH_PATHS = (
					"$(inherited)",
					"@executable_path/Frameworks",
				);
				MARKETING_VERSION = 1.0;
				PRODUCT_BUNDLE_IDENTIFIER = com.madiapp.project1;
				PRODUCT_NAME = "$(TARGET_NAME)";
				SWIFT_EMIT_LOC_STRINGS = YES;
				SWIFT_VERSION = 5.0;
				TARGETED_DEVICE_FAMILY = "1,2";
			};
			name = Debug;
		};
		498A58932882B4AD00D55924 /* Release */ = {
			isa = XCBuildConfiguration;
			buildSettings = {
				ASSETCATALOG_COMPILER_APPICON_NAME = AppIcon;
				ASSETCATALOG_COMPILER_GLOBAL_ACCENT_COLOR_NAME = AccentColor;
				CODE_SIGN_STYLE = Automatic;
				CURRENT_PROJECT_VERSION = 1;
				DEVELOPMENT_TEAM = 5LP3MC28Z5;
				GENERATE_INFOPLIST_FILE = YES;
				INFOPLIST_FILE = project1/Info.plist;
				INFOPLIST_KEY_UIApplicationSupportsIndirectInputEvents = YES;
				INFOPLIST_KEY_UILaunchStoryboardName = LaunchScreen;
				INFOPLIST_KEY_UIMainStoryboardFile = Main;
				INFOPLIST_KEY_UISupportedInterfaceOrientations_iPad = "UIInterfaceOrientationPortrait UIInterfaceOrientationPortraitUpsideDown UIInterfaceOrientationLandscapeLeft UIInterfaceOrientationLandscapeRight";
				INFOPLIST_KEY_UISupportedInterfaceOrientations_iPhone = "UIInterfaceOrientationPortrait UIInterfaceOrientationLandscapeLeft UIInterfaceOrientationLandscapeRight";
				LD_RUNPATH_SEARCH_PATHS = (
					"$(inherited)",
					"@executable_path/Frameworks",
				);
				MARKETING_VERSION = 1.0;
				PRODUCT_BUNDLE_IDENTIFIER = com.madiapp.project1;
				PRODUCT_NAME = "$(TARGET_NAME)";
				SWIFT_EMIT_LOC_STRINGS = YES;
				SWIFT_VERSION = 5.0;
				TARGETED_DEVICE_FAMILY = "1,2";
			};
			name = Release;
		};
/* End XCBuildConfiguration section */

/* Begin XCConfigurationList section */
		498A58782882B49400D55924 /* Build configuration list for PBXProject "project1" */ = {
			isa = XCConfigurationList;
			buildConfigurations = (
				498A588F2882B4AD00D55924 /* Debug */,
				498A58902882B4AD00D55924 /* Release */,
			);
			defaultConfigurationIsVisible = 0;
			defaultConfigurationName = Release;
		};
		498A58912882B4AD00D55924 /* Build configuration list for PBXNativeTarget "project1" */ = {
			isa = XCConfigurationList;
			buildConfigurations = (
				498A58922882B4AD00D55924 /* Debug */,
				498A58932882B4AD00D55924 /* Release */,
			);
			defaultConfigurationIsVisible = 0;
			defaultConfigurationName = Release;
		};
/* End XCConfigurationList section */
	};
	rootObject = 498A58752882B49400D55924 /* Project object */;
}
